// !$*UTF8*$!
{
	archiveVersion = 1;
	classes = {
	};
	objectVersion = 55;
	objects = {

/* Begin PBXBuildFile section */
		FE8753CF29A684AA00992492 /* AppDelegate.swift in Sources */ = {isa = PBXBuildFile; fileRef = FE8753CE29A684AA00992492 /* AppDelegate.swift */; };
		FE8753D129A684AA00992492 /* SceneDelegate.swift in Sources */ = {isa = PBXBuildFile; fileRef = FE8753D029A684AA00992492 /* SceneDelegate.swift */; };
		FE8753D329A684AA00992492 /* HomeController.swift in Sources */ = {isa = PBXBuildFile; fileRef = FE8753D229A684AA00992492 /* HomeController.swift */; };
		FE8753D629A684AA00992492 /* Main.storyboard in Resources */ = {isa = PBXBuildFile; fileRef = FE8753D429A684AA00992492 /* Main.storyboard */; };
		FE8753D829A684BC00992492 /* Assets.xcassets in Resources */ = {isa = PBXBuildFile; fileRef = FE8753D729A684BC00992492 /* Assets.xcassets */; };
		FE8753DB29A684BC00992492 /* LaunchScreen.storyboard in Resources */ = {isa = PBXBuildFile; fileRef = FE8753D929A684BC00992492 /* LaunchScreen.storyboard */; };
		FE8753E629A684BD00992492 /* SwiftyNewsTests.swift in Sources */ = {isa = PBXBuildFile; fileRef = FE8753E529A684BD00992492 /* SwiftyNewsTests.swift */; };
		FE8753F029A684BD00992492 /* SwiftyNewsUITests.swift in Sources */ = {isa = PBXBuildFile; fileRef = FE8753EF29A684BD00992492 /* SwiftyNewsUITests.swift */; };
		FE8753F229A684BD00992492 /* SwiftyNewsUITestsLaunchTests.swift in Sources */ = {isa = PBXBuildFile; fileRef = FE8753F129A684BD00992492 /* SwiftyNewsUITestsLaunchTests.swift */; };
/* End PBXBuildFile section */

/* Begin PBXContainerItemProxy section */
		FE8753E229A684BD00992492 /* PBXContainerItemProxy */ = {
			isa = PBXContainerItemProxy;
			containerPortal = FE8753C329A684AA00992492 /* Project object */;
			proxyType = 1;
			remoteGlobalIDString = FE8753CA29A684AA00992492;
			remoteInfo = SwiftyNews;
		};
		FE8753EC29A684BD00992492 /* PBXContainerItemProxy */ = {
			isa = PBXContainerItemProxy;
			containerPortal = FE8753C329A684AA00992492 /* Project object */;
			proxyType = 1;
			remoteGlobalIDString = FE8753CA29A684AA00992492;
			remoteInfo = SwiftyNews;
		};
/* End PBXContainerItemProxy section */

/* Begin PBXFileReference section */
		FE8753CB29A684AA00992492 /* SwiftyNews.app */ = {isa = PBXFileReference; explicitFileType = wrapper.application; includeInIndex = 0; path = SwiftyNews.app; sourceTree = BUILT_PRODUCTS_DIR; };
		FE8753CE29A684AA00992492 /* AppDelegate.swift */ = {isa = PBXFileReference; lastKnownFileType = sourcecode.swift; path = AppDelegate.swift; sourceTree = "<group>"; };
		FE8753D029A684AA00992492 /* SceneDelegate.swift */ = {isa = PBXFileReference; lastKnownFileType = sourcecode.swift; path = SceneDelegate.swift; sourceTree = "<group>"; };
		FE8753D229A684AA00992492 /* HomeController.swift */ = {isa = PBXFileReference; lastKnownFileType = sourcecode.swift; path = HomeController.swift; sourceTree = "<group>"; };
		FE8753D529A684AA00992492 /* Base */ = {isa = PBXFileReference; lastKnownFileType = file.storyboard; name = Base; path = Base.lproj/Main.storyboard; sourceTree = "<group>"; };
		FE8753D729A684BC00992492 /* Assets.xcassets */ = {isa = PBXFileReference; lastKnownFileType = folder.assetcatalog; path = Assets.xcassets; sourceTree = "<group>"; };
		FE8753DA29A684BC00992492 /* Base */ = {isa = PBXFileReference; lastKnownFileType = file.storyboard; name = Base; path = Base.lproj/LaunchScreen.storyboard; sourceTree = "<group>"; };
		FE8753DC29A684BC00992492 /* Info.plist */ = {isa = PBXFileReference; lastKnownFileType = text.plist.xml; path = Info.plist; sourceTree = "<group>"; };
		FE8753E129A684BD00992492 /* SwiftyNewsTests.xctest */ = {isa = PBXFileReference; explicitFileType = wrapper.cfbundle; includeInIndex = 0; path = SwiftyNewsTests.xctest; sourceTree = BUILT_PRODUCTS_DIR; };
		FE8753E529A684BD00992492 /* SwiftyNewsTests.swift */ = {isa = PBXFileReference; lastKnownFileType = sourcecode.swift; path = SwiftyNewsTests.swift; sourceTree = "<group>"; };
		FE8753EB29A684BD00992492 /* SwiftyNewsUITests.xctest */ = {isa = PBXFileReference; explicitFileType = wrapper.cfbundle; includeInIndex = 0; path = SwiftyNewsUITests.xctest; sourceTree = BUILT_PRODUCTS_DIR; };
		FE8753EF29A684BD00992492 /* SwiftyNewsUITests.swift */ = {isa = PBXFileReference; lastKnownFileType = sourcecode.swift; path = SwiftyNewsUITests.swift; sourceTree = "<group>"; };
		FE8753F129A684BD00992492 /* SwiftyNewsUITestsLaunchTests.swift */ = {isa = PBXFileReference; lastKnownFileType = sourcecode.swift; path = SwiftyNewsUITestsLaunchTests.swift; sourceTree = "<group>"; };
/* End PBXFileReference section */

/* Begin PBXFrameworksBuildPhase section */
		FE8753C829A684AA00992492 /* Frameworks */ = {
			isa = PBXFrameworksBuildPhase;
			buildActionMask = 2147483647;
			files = (
			);
			runOnlyForDeploymentPostprocessing = 0;
		};
		FE8753DE29A684BD00992492 /* Frameworks */ = {
			isa = PBXFrameworksBuildPhase;
			buildActionMask = 2147483647;
			files = (
			);
			runOnlyForDeploymentPostprocessing = 0;
		};
		FE8753E829A684BD00992492 /* Frameworks */ = {
			isa = PBXFrameworksBuildPhase;
			buildActionMask = 2147483647;
			files = (
			);
			runOnlyForDeploymentPostprocessing = 0;
		};
/* End PBXFrameworksBuildPhase section */

/* Begin PBXGroup section */
		FE8753C229A684AA00992492 = {
			isa = PBXGroup;
			children = (
				FE8753CD29A684AA00992492 /* SwiftyNews */,
				FE8753E429A684BD00992492 /* SwiftyNewsTests */,
				FE8753EE29A684BD00992492 /* SwiftyNewsUITests */,
				FE8753CC29A684AA00992492 /* Products */,
			);
			sourceTree = "<group>";
		};
		FE8753CC29A684AA00992492 /* Products */ = {
			isa = PBXGroup;
			children = (
				FE8753CB29A684AA00992492 /* SwiftyNews.app */,
				FE8753E129A684BD00992492 /* SwiftyNewsTests.xctest */,
				FE8753EB29A684BD00992492 /* SwiftyNewsUITests.xctest */,
			);
			name = Products;
			sourceTree = "<group>";
		};
		FE8753CD29A684AA00992492 /* SwiftyNews */ = {
			isa = PBXGroup;
			children = (
				FE8753CE29A684AA00992492 /* AppDelegate.swift */,
				FE8753D029A684AA00992492 /* SceneDelegate.swift */,
				FE8753D229A684AA00992492 /* HomeController.swift */,
				FE8753D429A684AA00992492 /* Main.storyboard */,
				FE8753D729A684BC00992492 /* Assets.xcassets */,
				FE8753D929A684BC00992492 /* LaunchScreen.storyboard */,
				FE8753DC29A684BC00992492 /* Info.plist */,
			);
			path = SwiftyNews;
			sourceTree = "<group>";
		};
		FE8753E429A684BD00992492 /* SwiftyNewsTests */ = {
			isa = PBXGroup;
			children = (
				FE8753E529A684BD00992492 /* SwiftyNewsTests.swift */,
			);
			path = SwiftyNewsTests;
			sourceTree = "<group>";
		};
		FE8753EE29A684BD00992492 /* SwiftyNewsUITests */ = {
			isa = PBXGroup;
			children = (
				FE8753EF29A684BD00992492 /* SwiftyNewsUITests.swift */,
				FE8753F129A684BD00992492 /* SwiftyNewsUITestsLaunchTests.swift */,
			);
			path = SwiftyNewsUITests;
			sourceTree = "<group>";
		};
/* End PBXGroup section */

/* Begin PBXNativeTarget section */
		FE8753CA29A684AA00992492 /* SwiftyNews */ = {
			isa = PBXNativeTarget;
			buildConfigurationList = FE8753F529A684BD00992492 /* Build configuration list for PBXNativeTarget "SwiftyNews" */;
			buildPhases = (
				FE8753C729A684AA00992492 /* Sources */,
				FE8753C829A684AA00992492 /* Frameworks */,
				FE8753C929A684AA00992492 /* Resources */,
			);
			buildRules = (
			);
			dependencies = (
			);
			name = SwiftyNews;
			productName = SwiftyNews;
			productReference = FE8753CB29A684AA00992492 /* SwiftyNews.app */;
			productType = "com.apple.product-type.application";
		};
		FE8753E029A684BD00992492 /* SwiftyNewsTests */ = {
			isa = PBXNativeTarget;
			buildConfigurationList = FE8753F829A684BD00992492 /* Build configuration list for PBXNativeTarget "SwiftyNewsTests" */;
			buildPhases = (
				FE8753DD29A684BD00992492 /* Sources */,
				FE8753DE29A684BD00992492 /* Frameworks */,
				FE8753DF29A684BD00992492 /* Resources */,
			);
			buildRules = (
			);
			dependencies = (
				FE8753E329A684BD00992492 /* PBXTargetDependency */,
			);
			name = SwiftyNewsTests;
			productName = SwiftyNewsTests;
			productReference = FE8753E129A684BD00992492 /* SwiftyNewsTests.xctest */;
			productType = "com.apple.product-type.bundle.unit-test";
		};
		FE8753EA29A684BD00992492 /* SwiftyNewsUITests */ = {
			isa = PBXNativeTarget;
			buildConfigurationList = FE8753FB29A684BD00992492 /* Build configuration list for PBXNativeTarget "SwiftyNewsUITests" */;
			buildPhases = (
				FE8753E729A684BD00992492 /* Sources */,
				FE8753E829A684BD00992492 /* Frameworks */,
				FE8753E929A684BD00992492 /* Resources */,
			);
			buildRules = (
			);
			dependencies = (
				FE8753ED29A684BD00992492 /* PBXTargetDependency */,
			);
			name = SwiftyNewsUITests;
			productName = SwiftyNewsUITests;
			productReference = FE8753EB29A684BD00992492 /* SwiftyNewsUITests.xctest */;
			productType = "com.apple.product-type.bundle.ui-testing";
		};
/* End PBXNativeTarget section */

/* Begin PBXProject section */
		FE8753C329A684AA00992492 /* Project object */ = {
			isa = PBXProject;
			attributes = {
				BuildIndependentTargetsInParallel = 1;
				LastSwiftUpdateCheck = 1340;
				LastUpgradeCheck = 1340;
				TargetAttributes = {
					FE8753CA29A684AA00992492 = {
						CreatedOnToolsVersion = 13.4.1;
					};
					FE8753E029A684BD00992492 = {
						CreatedOnToolsVersion = 13.4.1;
						TestTargetID = FE8753CA29A684AA00992492;
					};
					FE8753EA29A684BD00992492 = {
						CreatedOnToolsVersion = 13.4.1;
						TestTargetID = FE8753CA29A684AA00992492;
					};
				};
			};
			buildConfigurationList = FE8753C629A684AA00992492 /* Build configuration list for PBXProject "SwiftyNews" */;
			compatibilityVersion = "Xcode 13.0";
			developmentRegion = en;
			hasScannedForEncodings = 0;
			knownRegions = (
				en,
				Base,
			);
			mainGroup = FE8753C229A684AA00992492;
			productRefGroup = FE8753CC29A684AA00992492 /* Products */;
			projectDirPath = "";
			projectRoot = "";
			targets = (
				FE8753CA29A684AA00992492 /* SwiftyNews */,
				FE8753E029A684BD00992492 /* SwiftyNewsTests */,
				FE8753EA29A684BD00992492 /* SwiftyNewsUITests */,
			);
		};
/* End PBXProject section */

/* Begin PBXResourcesBuildPhase section */
		FE8753C929A684AA00992492 /* Resources */ = {
			isa = PBXResourcesBuildPhase;
			buildActionMask = 2147483647;
			files = (
				FE8753DB29A684BC00992492 /* LaunchScreen.storyboard in Resources */,
				FE8753D829A684BC00992492 /* Assets.xcassets in Resources */,
				FE8753D629A684AA00992492 /* Main.storyboard in Resources */,
			);
			runOnlyForDeploymentPostprocessing = 0;
		};
		FE8753DF29A684BD00992492 /* Resources */ = {
			isa = PBXResourcesBuildPhase;
			buildActionMask = 2147483647;
			files = (
			);
			runOnlyForDeploymentPostprocessing = 0;
		};
		FE8753E929A684BD00992492 /* Resources */ = {
			isa = PBXResourcesBuildPhase;
			buildActionMask = 2147483647;
			files = (
			);
			runOnlyForDeploymentPostprocessing = 0;
		};
/* End PBXResourcesBuildPhase section */

/* Begin PBXSourcesBuildPhase section */
		FE8753C729A684AA00992492 /* Sources */ = {
			isa = PBXSourcesBuildPhase;
			buildActionMask = 2147483647;
			files = (
				FE8753D329A684AA00992492 /* HomeController.swift in Sources */,
				FE8753CF29A684AA00992492 /* AppDelegate.swift in Sources */,
				FE8753D129A684AA00992492 /* SceneDelegate.swift in Sources */,
			);
			runOnlyForDeploymentPostprocessing = 0;
		};
		FE8753DD29A684BD00992492 /* Sources */ = {
			isa = PBXSourcesBuildPhase;
			buildActionMask = 2147483647;
			files = (
				FE8753E629A684BD00992492 /* SwiftyNewsTests.swift in Sources */,
			);
			runOnlyForDeploymentPostprocessing = 0;
		};
		FE8753E729A684BD00992492 /* Sources */ = {
			isa = PBXSourcesBuildPhase;
			buildActionMask = 2147483647;
			files = (
				FE8753F029A684BD00992492 /* SwiftyNewsUITests.swift in Sources */,
				FE8753F229A684BD00992492 /* SwiftyNewsUITestsLaunchTests.swift in Sources */,
			);
			runOnlyForDeploymentPostprocessing = 0;
		};
/* End PBXSourcesBuildPhase section */

/* Begin PBXTargetDependency section */
		FE8753E329A684BD00992492 /* PBXTargetDependency */ = {
			isa = PBXTargetDependency;
			target = FE8753CA29A684AA00992492 /* SwiftyNews */;
			targetProxy = FE8753E229A684BD00992492 /* PBXContainerItemProxy */;
		};
		FE8753ED29A684BD00992492 /* PBXTargetDependency */ = {
			isa = PBXTargetDependency;
			target = FE8753CA29A684AA00992492 /* SwiftyNews */;
			targetProxy = FE8753EC29A684BD00992492 /* PBXContainerItemProxy */;
		};
/* End PBXTargetDependency section */

/* Begin PBXVariantGroup section */
		FE8753D429A684AA00992492 /* Main.storyboard */ = {
			isa = PBXVariantGroup;
			children = (
				FE8753D529A684AA00992492 /* Base */,
			);
			name = Main.storyboard;
			sourceTree = "<group>";
		};
		FE8753D929A684BC00992492 /* LaunchScreen.storyboard */ = {
			isa = PBXVariantGroup;
			children = (
				FE8753DA29A684BC00992492 /* Base */,
			);
			name = LaunchScreen.storyboard;
			sourceTree = "<group>";
		};
/* End PBXVariantGroup section */

/* Begin XCBuildConfiguration section */
		FE8753F329A684BD00992492 /* Debug */ = {
			isa = XCBuildConfiguration;
			buildSettings = {
				ALWAYS_SEARCH_USER_PATHS = NO;
				CLANG_ANALYZER_NONNULL = YES;
				CLANG_ANALYZER_NUMBER_OBJECT_CONVERSION = YES_AGGRESSIVE;
				CLANG_CXX_LANGUAGE_STANDARD = "gnu++17";
				CLANG_ENABLE_MODULES = YES;
				CLANG_ENABLE_OBJC_ARC = YES;
				CLANG_ENABLE_OBJC_WEAK = YES;
				CLANG_WARN_BLOCK_CAPTURE_AUTORELEASING = YES;
				CLANG_WARN_BOOL_CONVERSION = YES;
				CLANG_WARN_COMMA = YES;
				CLANG_WARN_CONSTANT_CONVERSION = YES;
				CLANG_WARN_DEPRECATED_OBJC_IMPLEMENTATIONS = YES;
				CLANG_WARN_DIRECT_OBJC_ISA_USAGE = YES_ERROR;
				CLANG_WARN_DOCUMENTATION_COMMENTS = YES;
				CLANG_WARN_EMPTY_BODY = YES;
				CLANG_WARN_ENUM_CONVERSION = YES;
				CLANG_WARN_INFINITE_RECURSION = YES;
				CLANG_WARN_INT_CONVERSION = YES;
				CLANG_WARN_NON_LITERAL_NULL_CONVERSION = YES;
				CLANG_WARN_OBJC_IMPLICIT_RETAIN_SELF = YES;
				CLANG_WARN_OBJC_LITERAL_CONVERSION = YES;
				CLANG_WARN_OBJC_ROOT_CLASS = YES_ERROR;
				CLANG_WARN_QUOTED_INCLUDE_IN_FRAMEWORK_HEADER = YES;
				CLANG_WARN_RANGE_LOOP_ANALYSIS = YES;
				CLANG_WARN_STRICT_PROTOTYPES = YES;
				CLANG_WARN_SUSPICIOUS_MOVE = YES;
				CLANG_WARN_UNGUARDED_AVAILABILITY = YES_AGGRESSIVE;
				CLANG_WARN_UNREACHABLE_CODE = YES;
				CLANG_WARN__DUPLICATE_METHOD_MATCH = YES;
				COPY_PHASE_STRIP = NO;
				DEBUG_INFORMATION_FORMAT = dwarf;
				ENABLE_STRICT_OBJC_MSGSEND = YES;
				ENABLE_TESTABILITY = YES;
				GCC_C_LANGUAGE_STANDARD = gnu11;
				GCC_DYNAMIC_NO_PIC = NO;
				GCC_NO_COMMON_BLOCKS = YES;
				GCC_OPTIMIZATION_LEVEL = 0;
				GCC_PREPROCESSOR_DEFINITIONS = (
					"DEBUG=1",
					"$(inherited)",
				);
				GCC_WARN_64_TO_32_BIT_CONVERSION = YES;
				GCC_WARN_ABOUT_RETURN_TYPE = YES_ERROR;
				GCC_WARN_UNDECLARED_SELECTOR = YES;
				GCC_WARN_UNINITIALIZED_AUTOS = YES_AGGRESSIVE;
				GCC_WARN_UNUSED_FUNCTION = YES;
				GCC_WARN_UNUSED_VARIABLE = YES;
				IPHONEOS_DEPLOYMENT_TARGET = 15.5;
				MTL_ENABLE_DEBUG_INFO = INCLUDE_SOURCE;
				MTL_FAST_MATH = YES;
				ONLY_ACTIVE_ARCH = YES;
				SDKROOT = iphoneos;
				SWIFT_ACTIVE_COMPILATION_CONDITIONS = DEBUG;
				SWIFT_OPTIMIZATION_LEVEL = "-Onone";
			};
			name = Debug;
		};
		FE8753F429A684BD00992492 /* Release */ = {
			isa = XCBuildConfiguration;
			buildSettings = {
				ALWAYS_SEARCH_USER_PATHS = NO;
				CLANG_ANALYZER_NONNULL = YES;
				CLANG_ANALYZER_NUMBER_OBJECT_CONVERSION = YES_AGGRESSIVE;
				CLANG_CXX_LANGUAGE_STANDARD = "gnu++17";
				CLANG_ENABLE_MODULES = YES;
				CLANG_ENABLE_OBJC_ARC = YES;
				CLANG_ENABLE_OBJC_WEAK = YES;
				CLANG_WARN_BLOCK_CAPTURE_AUTORELEASING = YES;
				CLANG_WARN_BOOL_CONVERSION = YES;
				CLANG_WARN_COMMA = YES;
				CLANG_WARN_CONSTANT_CONVERSION = YES;
				CLANG_WARN_DEPRECATED_OBJC_IMPLEMENTATIONS = YES;
				CLANG_WARN_DIRECT_OBJC_ISA_USAGE = YES_ERROR;
				CLANG_WARN_DOCUMENTATION_COMMENTS = YES;
				CLANG_WARN_EMPTY_BODY = YES;
				CLANG_WARN_ENUM_CONVERSION = YES;
				CLANG_WARN_INFINITE_RECURSION = YES;
				CLANG_WARN_INT_CONVERSION = YES;
				CLANG_WARN_NON_LITERAL_NULL_CONVERSION = YES;
				CLANG_WARN_OBJC_IMPLICIT_RETAIN_SELF = YES;
				CLANG_WARN_OBJC_LITERAL_CONVERSION = YES;
				CLANG_WARN_OBJC_ROOT_CLASS = YES_ERROR;
				CLANG_WARN_QUOTED_INCLUDE_IN_FRAMEWORK_HEADER = YES;
				CLANG_WARN_RANGE_LOOP_ANALYSIS = YES;
				CLANG_WARN_STRICT_PROTOTYPES = YES;
				CLANG_WARN_SUSPICIOUS_MOVE = YES;
				CLANG_WARN_UNGUARDED_AVAILABILITY = YES_AGGRESSIVE;
				CLANG_WARN_UNREACHABLE_CODE = YES;
				CLANG_WARN__DUPLICATE_METHOD_MATCH = YES;
				COPY_PHASE_STRIP = NO;
				DEBUG_INFORMATION_FORMAT = "dwarf-with-dsym";
				ENABLE_NS_ASSERTIONS = NO;
				ENABLE_STRICT_OBJC_MSGSEND = YES;
				GCC_C_LANGUAGE_STANDARD = gnu11;
				GCC_NO_COMMON_BLOCKS = YES;
				GCC_WARN_64_TO_32_BIT_CONVERSION = YES;
				GCC_WARN_ABOUT_RETURN_TYPE = YES_ERROR;
				GCC_WARN_UNDECLARED_SELECTOR = YES;
				GCC_WARN_UNINITIALIZED_AUTOS = YES_AGGRESSIVE;
				GCC_WARN_UNUSED_FUNCTION = YES;
				GCC_WARN_UNUSED_VARIABLE = YES;
				IPHONEOS_DEPLOYMENT_TARGET = 15.5;
				MTL_ENABLE_DEBUG_INFO = NO;
				MTL_FAST_MATH = YES;
				SDKROOT = iphoneos;
				SWIFT_COMPILATION_MODE = wholemodule;
				SWIFT_OPTIMIZATION_LEVEL = "-O";
				VALIDATE_PRODUCT = YES;
			};
			name = Release;
		};
		FE8753F629A684BD00992492 /* Debug */ = {
			isa = XCBuildConfiguration;
			buildSettings = {
				ASSETCATALOG_COMPILER_APPICON_NAME = AppIcon;
				ASSETCATALOG_COMPILER_GLOBAL_ACCENT_COLOR_NAME = AccentColor;
				CODE_SIGN_STYLE = Automatic;
				CURRENT_PROJECT_VERSION = 1;
				DEVELOPMENT_TEAM = YNL2688QCG;
				GENERATE_INFOPLIST_FILE = YES;
				INFOPLIST_FILE = SwiftyNews/Info.plist;
				INFOPLIST_KEY_UIApplicationSupportsIndirectInputEvents = YES;
				INFOPLIST_KEY_UILaunchStoryboardName = LaunchScreen;
				INFOPLIST_KEY_UIMainStoryboardFile = Main;
				INFOPLIST_KEY_UISupportedInterfaceOrientations_iPad = "UIInterfaceOrientationPortrait UIInterfaceOrientationPortraitUpsideDown UIInterfaceOrientationLandscapeLeft UIInterfaceOrientationLandscapeRight";
				INFOPLIST_KEY_UISupportedInterfaceOrientations_iPhone = "UIInterfaceOrientationPortrait UIInterfaceOrientationLandscapeLeft UIInterfaceOrientationLandscapeRight";
				LD_RUNPATH_SEARCH_PATHS = (
					"$(inherited)",
					"@executable_path/Frameworks",
				);
				MARKETING_VERSION = 1.0;
				PRODUCT_BUNDLE_IDENTIFIER = cse5236.SwiftyNews;
				PRODUCT_NAME = "$(TARGET_NAME)";
				SWIFT_EMIT_LOC_STRINGS = YES;
				SWIFT_VERSION = 5.0;
				TARGETED_DEVICE_FAMILY = "1,2";
			};
			name = Debug;
		};
		FE8753F729A684BD00992492 /* Release */ = {
			isa = XCBuildConfiguration;
			buildSettings = {
				ASSETCATALOG_COMPILER_APPICON_NAME = AppIcon;
				ASSETCATALOG_COMPILER_GLOBAL_ACCENT_COLOR_NAME = AccentColor;
				CODE_SIGN_STYLE = Automatic;
				CURRENT_PROJECT_VERSION = 1;
				DEVELOPMENT_TEAM = YNL2688QCG;
				GENERATE_INFOPLIST_FILE = YES;
				INFOPLIST_FILE = SwiftyNews/Info.plist;
				INFOPLIST_KEY_UIApplicationSupportsIndirectInputEvents = YES;
				INFOPLIST_KEY_UILaunchStoryboardName = LaunchScreen;
				INFOPLIST_KEY_UIMainStoryboardFile = Main;
				INFOPLIST_KEY_UISupportedInterfaceOrientations_iPad = "UIInterfaceOrientationPortrait UIInterfaceOrientationPortraitUpsideDown UIInterfaceOrientationLandscapeLeft UIInterfaceOrientationLandscapeRight";
				INFOPLIST_KEY_UISupportedInterfaceOrientations_iPhone = "UIInterfaceOrientationPortrait UIInterfaceOrientationLandscapeLeft UIInterfaceOrientationLandscapeRight";
				LD_RUNPATH_SEARCH_PATHS = (
					"$(inherited)",
					"@executable_path/Frameworks",
				);
				MARKETING_VERSION = 1.0;
				PRODUCT_BUNDLE_IDENTIFIER = cse5236.SwiftyNews;
				PRODUCT_NAME = "$(TARGET_NAME)";
				SWIFT_EMIT_LOC_STRINGS = YES;
				SWIFT_VERSION = 5.0;
				TARGETED_DEVICE_FAMILY = "1,2";
			};
			name = Release;
		};
		FE8753F929A684BD00992492 /* Debug */ = {
			isa = XCBuildConfiguration;
			buildSettings = {
				ALWAYS_EMBED_SWIFT_STANDARD_LIBRARIES = YES;
				BUNDLE_LOADER = "$(TEST_HOST)";
				CODE_SIGN_STYLE = Automatic;
				CURRENT_PROJECT_VERSION = 1;
				GENERATE_INFOPLIST_FILE = YES;
				IPHONEOS_DEPLOYMENT_TARGET = 15.5;
				MARKETING_VERSION = 1.0;
				PRODUCT_BUNDLE_IDENTIFIER = cse5236.SwiftyNewsTests;
				PRODUCT_NAME = "$(TARGET_NAME)";
				SWIFT_EMIT_LOC_STRINGS = NO;
				SWIFT_VERSION = 5.0;
				TARGETED_DEVICE_FAMILY = "1,2";
				TEST_HOST = "$(BUILT_PRODUCTS_DIR)/SwiftyNews.app/SwiftyNews";
			};
			name = Debug;
		};
		FE8753FA29A684BD00992492 /* Release */ = {
			isa = XCBuildConfiguration;
			buildSettings = {
				ALWAYS_EMBED_SWIFT_STANDARD_LIBRARIES = YES;
				BUNDLE_LOADER = "$(TEST_HOST)";
				CODE_SIGN_STYLE = Automatic;
				CURRENT_PROJECT_VERSION = 1;
				GENERATE_INFOPLIST_FILE = YES;
				IPHONEOS_DEPLOYMENT_TARGET = 15.5;
				MARKETING_VERSION = 1.0;
				PRODUCT_BUNDLE_IDENTIFIER = cse5236.SwiftyNewsTests;
				PRODUCT_NAME = "$(TARGET_NAME)";
				SWIFT_EMIT_LOC_STRINGS = NO;
				SWIFT_VERSION = 5.0;
				TARGETED_DEVICE_FAMILY = "1,2";
				TEST_HOST = "$(BUILT_PRODUCTS_DIR)/SwiftyNews.app/SwiftyNews";
			};
			name = Release;
		};
		FE8753FC29A684BD00992492 /* Debug */ = {
			isa = XCBuildConfiguration;
			buildSettings = {
				ALWAYS_EMBED_SWIFT_STANDARD_LIBRARIES = YES;
				CODE_SIGN_STYLE = Automatic;
				CURRENT_PROJECT_VERSION = 1;
				GENERATE_INFOPLIST_FILE = YES;
				MARKETING_VERSION = 1.0;
				PRODUCT_BUNDLE_IDENTIFIER = cse5236.SwiftyNewsUITests;
				PRODUCT_NAME = "$(TARGET_NAME)";
				SWIFT_EMIT_LOC_STRINGS = NO;
				SWIFT_VERSION = 5.0;
				TARGETED_DEVICE_FAMILY = "1,2";
				TEST_TARGET_NAME = SwiftyNews;
			};
			name = Debug;
		};
		FE8753FD29A684BD00992492 /* Release */ = {
			isa = XCBuildConfiguration;
			buildSettings = {
				ALWAYS_EMBED_SWIFT_STANDARD_LIBRARIES = YES;
				CODE_SIGN_STYLE = Automatic;
				CURRENT_PROJECT_VERSION = 1;
				GENERATE_INFOPLIST_FILE = YES;
				MARKETING_VERSION = 1.0;
				PRODUCT_BUNDLE_IDENTIFIER = cse5236.SwiftyNewsUITests;
				PRODUCT_NAME = "$(TARGET_NAME)";
				SWIFT_EMIT_LOC_STRINGS = NO;
				SWIFT_VERSION = 5.0;
				TARGETED_DEVICE_FAMILY = "1,2";
				TEST_TARGET_NAME = SwiftyNews;
			};
			name = Release;
		};
/* End XCBuildConfiguration section */

/* Begin XCConfigurationList section */
		FE8753C629A684AA00992492 /* Build configuration list for PBXProject "SwiftyNews" */ = {
			isa = XCConfigurationList;
			buildConfigurations = (
				FE8753F329A684BD00992492 /* Debug */,
				FE8753F429A684BD00992492 /* Release */,
			);
			defaultConfigurationIsVisible = 0;
			defaultConfigurationName = Release;
		};
		FE8753F529A684BD00992492 /* Build configuration list for PBXNativeTarget "SwiftyNews" */ = {
			isa = XCConfigurationList;
			buildConfigurations = (
				FE8753F629A684BD00992492 /* Debug */,
				FE8753F729A684BD00992492 /* Release */,
			);
			defaultConfigurationIsVisible = 0;
			defaultConfigurationName = Release;
		};
		FE8753F829A684BD00992492 /* Build configuration list for PBXNativeTarget "SwiftyNewsTests" */ = {
			isa = XCConfigurationList;
			buildConfigurations = (
				FE8753F929A684BD00992492 /* Debug */,
				FE8753FA29A684BD00992492 /* Release */,
			);
			defaultConfigurationIsVisible = 0;
			defaultConfigurationName = Release;
		};
		FE8753FB29A684BD00992492 /* Build configuration list for PBXNativeTarget "SwiftyNewsUITests" */ = {
			isa = XCConfigurationList;
			buildConfigurations = (
				FE8753FC29A684BD00992492 /* Debug */,
				FE8753FD29A684BD00992492 /* Release */,
			);
			defaultConfigurationIsVisible = 0;
			defaultConfigurationName = Release;
		};
/* End XCConfigurationList section */
	};
	rootObject = FE8753C329A684AA00992492 /* Project object */;
}
