// !$*UTF8*$!
{
	archiveVersion = 1;
	classes = {
	};
	objectVersion = 55;
	objects = {

/* Begin PBXBuildFile section */
		514393802CB98C1EB82E9879 /* Pods_SwiftyNews_SwiftyNewsUITests.framework in Frameworks */ = {isa = PBXBuildFile; fileRef = D81885B885513BA8C0E3E630 /* Pods_SwiftyNews_SwiftyNewsUITests.framework */; };
		71CCB62C8B39CBD2711B3809 /* Pods_SwiftyNewsTests.framework in Frameworks */ = {isa = PBXBuildFile; fileRef = ECB2FCC26520C57A13798FAD /* Pods_SwiftyNewsTests.framework */; };
		FE3014E129BBEE9F009A95A4 /* EditProfileViewController.swift in Sources */ = {isa = PBXBuildFile; fileRef = FE3014E029BBEE9F009A95A4 /* EditProfileViewController.swift */; };
		FE347C3729DBD613000AE5BB /* NewsViewController.swift in Sources */ = {isa = PBXBuildFile; fileRef = FE347C3629DBD613000AE5BB /* NewsViewController.swift */; };
		FE5CD32329BD09CC002CC54F /* User.swift in Sources */ = {isa = PBXBuildFile; fileRef = FE5CD32229BD09CC002CC54F /* User.swift */; };
		FE8753CF29A684AA00992492 /* AppDelegate.swift in Sources */ = {isa = PBXBuildFile; fileRef = FE8753CE29A684AA00992492 /* AppDelegate.swift */; };
		FE8753D129A684AA00992492 /* SceneDelegate.swift in Sources */ = {isa = PBXBuildFile; fileRef = FE8753D029A684AA00992492 /* SceneDelegate.swift */; };
		FE8753D329A684AA00992492 /* HomeViewController.swift in Sources */ = {isa = PBXBuildFile; fileRef = FE8753D229A684AA00992492 /* HomeViewController.swift */; };
		FE8753D629A684AA00992492 /* Main.storyboard in Resources */ = {isa = PBXBuildFile; fileRef = FE8753D429A684AA00992492 /* Main.storyboard */; };
		FE8753D829A684BC00992492 /* Assets.xcassets in Resources */ = {isa = PBXBuildFile; fileRef = FE8753D729A684BC00992492 /* Assets.xcassets */; };
		FE8753DB29A684BC00992492 /* LaunchScreen.storyboard in Resources */ = {isa = PBXBuildFile; fileRef = FE8753D929A684BC00992492 /* LaunchScreen.storyboard */; };
		FE8753E629A684BD00992492 /* SwiftyNewsTests.swift in Sources */ = {isa = PBXBuildFile; fileRef = FE8753E529A684BD00992492 /* SwiftyNewsTests.swift */; };
		FE8753F029A684BD00992492 /* SwiftyNewsUITests.swift in Sources */ = {isa = PBXBuildFile; fileRef = FE8753EF29A684BD00992492 /* SwiftyNewsUITests.swift */; };
		FE8753F229A684BD00992492 /* SwiftyNewsUITestsLaunchTests.swift in Sources */ = {isa = PBXBuildFile; fileRef = FE8753F129A684BD00992492 /* SwiftyNewsUITestsLaunchTests.swift */; };
		FE8BCD51E34991FBD2EE6B15 /* Pods_SwiftyNews.framework in Frameworks */ = {isa = PBXBuildFile; fileRef = ED8CB80A80B0C0A5580979EA /* Pods_SwiftyNews.framework */; };
		FE8F1BB429DE6C5500754D22 /* SearchViewController.swift in Sources */ = {isa = PBXBuildFile; fileRef = FE8F1BB329DE6C5500754D22 /* SearchViewController.swift */; };
		FEAC7EFB29BD02E900C82ADA /* News.swift in Sources */ = {isa = PBXBuildFile; fileRef = FEAC7EFA29BD02E900C82ADA /* News.swift */; };
		FEF6F56A29B7DD980037DE36 /* GoogleService-Info.plist in Resources */ = {isa = PBXBuildFile; fileRef = FEF6F56929B7DD980037DE36 /* GoogleService-Info.plist */; };
		FEF6F56C29B7E5530037DE36 /* ProfileViewController.swift in Sources */ = {isa = PBXBuildFile; fileRef = FEF6F56B29B7E5530037DE36 /* ProfileViewController.swift */; };
/* End PBXBuildFile section */

/* Begin PBXContainerItemProxy section */
		FE8753E229A684BD00992492 /* PBXContainerItemProxy */ = {
			isa = PBXContainerItemProxy;
			containerPortal = FE8753C329A684AA00992492 /* Project object */;
			proxyType = 1;
			remoteGlobalIDString = FE8753CA29A684AA00992492;
			remoteInfo = SwiftyNews;
		};
		FE8753EC29A684BD00992492 /* PBXContainerItemProxy */ = {
			isa = PBXContainerItemProxy;
			containerPortal = FE8753C329A684AA00992492 /* Project object */;
			proxyType = 1;
			remoteGlobalIDString = FE8753CA29A684AA00992492;
			remoteInfo = SwiftyNews;
		};
/* End PBXContainerItemProxy section */

/* Begin PBXFileReference section */
		0BD9B7800AFB85698696F747 /* Pods-SwiftyNews.debug.xcconfig */ = {isa = PBXFileReference; includeInIndex = 1; lastKnownFileType = text.xcconfig; name = "Pods-SwiftyNews.debug.xcconfig"; path = "Target Support Files/Pods-SwiftyNews/Pods-SwiftyNews.debug.xcconfig"; sourceTree = "<group>"; };
		27F13B04A7C345EC69D09A70 /* Pods-SwiftyNews.release.xcconfig */ = {isa = PBXFileReference; includeInIndex = 1; lastKnownFileType = text.xcconfig; name = "Pods-SwiftyNews.release.xcconfig"; path = "Target Support Files/Pods-SwiftyNews/Pods-SwiftyNews.release.xcconfig"; sourceTree = "<group>"; };
		AB2FCE92D2248E4DF874B93D /* Pods-SwiftyNews-SwiftyNewsUITests.debug.xcconfig */ = {isa = PBXFileReference; includeInIndex = 1; lastKnownFileType = text.xcconfig; name = "Pods-SwiftyNews-SwiftyNewsUITests.debug.xcconfig"; path = "Target Support Files/Pods-SwiftyNews-SwiftyNewsUITests/Pods-SwiftyNews-SwiftyNewsUITests.debug.xcconfig"; sourceTree = "<group>"; };
		B8A475BD7BFC9EBF4631D7DE /* Pods-SwiftyNews-SwiftyNewsUITests.release.xcconfig */ = {isa = PBXFileReference; includeInIndex = 1; lastKnownFileType = text.xcconfig; name = "Pods-SwiftyNews-SwiftyNewsUITests.release.xcconfig"; path = "Target Support Files/Pods-SwiftyNews-SwiftyNewsUITests/Pods-SwiftyNews-SwiftyNewsUITests.release.xcconfig"; sourceTree = "<group>"; };
		B8F7D3DC202D5B667BDC1148 /* Pods-SwiftyNewsTests.release.xcconfig */ = {isa = PBXFileReference; includeInIndex = 1; lastKnownFileType = text.xcconfig; name = "Pods-SwiftyNewsTests.release.xcconfig"; path = "Target Support Files/Pods-SwiftyNewsTests/Pods-SwiftyNewsTests.release.xcconfig"; sourceTree = "<group>"; };
		D81885B885513BA8C0E3E630 /* Pods_SwiftyNews_SwiftyNewsUITests.framework */ = {isa = PBXFileReference; explicitFileType = wrapper.framework; includeInIndex = 0; path = Pods_SwiftyNews_SwiftyNewsUITests.framework; sourceTree = BUILT_PRODUCTS_DIR; };
		ECB2FCC26520C57A13798FAD /* Pods_SwiftyNewsTests.framework */ = {isa = PBXFileReference; explicitFileType = wrapper.framework; includeInIndex = 0; path = Pods_SwiftyNewsTests.framework; sourceTree = BUILT_PRODUCTS_DIR; };
		ED8CB80A80B0C0A5580979EA /* Pods_SwiftyNews.framework */ = {isa = PBXFileReference; explicitFileType = wrapper.framework; includeInIndex = 0; path = Pods_SwiftyNews.framework; sourceTree = BUILT_PRODUCTS_DIR; };
		EFD6B73218F14EB6996554F4 /* Pods-SwiftyNewsTests.debug.xcconfig */ = {isa = PBXFileReference; includeInIndex = 1; lastKnownFileType = text.xcconfig; name = "Pods-SwiftyNewsTests.debug.xcconfig"; path = "Target Support Files/Pods-SwiftyNewsTests/Pods-SwiftyNewsTests.debug.xcconfig"; sourceTree = "<group>"; };
		FE3014E029BBEE9F009A95A4 /* EditProfileViewController.swift */ = {isa = PBXFileReference; lastKnownFileType = sourcecode.swift; path = EditProfileViewController.swift; sourceTree = "<group>"; };
		FE347C3629DBD613000AE5BB /* NewsViewController.swift */ = {isa = PBXFileReference; lastKnownFileType = sourcecode.swift; path = NewsViewController.swift; sourceTree = "<group>"; };
		FE5CD32229BD09CC002CC54F /* User.swift */ = {isa = PBXFileReference; lastKnownFileType = sourcecode.swift; path = User.swift; sourceTree = "<group>"; };
		FE8753CB29A684AA00992492 /* SwiftyNews.app */ = {isa = PBXFileReference; explicitFileType = wrapper.application; includeInIndex = 0; path = SwiftyNews.app; sourceTree = BUILT_PRODUCTS_DIR; };
		FE8753CE29A684AA00992492 /* AppDelegate.swift */ = {isa = PBXFileReference; lastKnownFileType = sourcecode.swift; path = AppDelegate.swift; sourceTree = "<group>"; };
		FE8753D029A684AA00992492 /* SceneDelegate.swift */ = {isa = PBXFileReference; lastKnownFileType = sourcecode.swift; path = SceneDelegate.swift; sourceTree = "<group>"; };
		FE8753D229A684AA00992492 /* HomeViewController.swift */ = {isa = PBXFileReference; lastKnownFileType = sourcecode.swift; path = HomeViewController.swift; sourceTree = "<group>"; };
		FE8753D529A684AA00992492 /* Base */ = {isa = PBXFileReference; lastKnownFileType = file.storyboard; name = Base; path = Base.lproj/Main.storyboard; sourceTree = "<group>"; };
		FE8753D729A684BC00992492 /* Assets.xcassets */ = {isa = PBXFileReference; lastKnownFileType = folder.assetcatalog; path = Assets.xcassets; sourceTree = "<group>"; };
		FE8753DA29A684BC00992492 /* Base */ = {isa = PBXFileReference; lastKnownFileType = file.storyboard; name = Base; path = Base.lproj/LaunchScreen.storyboard; sourceTree = "<group>"; };
		FE8753DC29A684BC00992492 /* Info.plist */ = {isa = PBXFileReference; lastKnownFileType = text.plist.xml; path = Info.plist; sourceTree = "<group>"; };
		FE8753E129A684BD00992492 /* SwiftyNewsTests.xctest */ = {isa = PBXFileReference; explicitFileType = wrapper.cfbundle; includeInIndex = 0; path = SwiftyNewsTests.xctest; sourceTree = BUILT_PRODUCTS_DIR; };
		FE8753E529A684BD00992492 /* SwiftyNewsTests.swift */ = {isa = PBXFileReference; lastKnownFileType = sourcecode.swift; path = SwiftyNewsTests.swift; sourceTree = "<group>"; };
		FE8753EB29A684BD00992492 /* SwiftyNewsUITests.xctest */ = {isa = PBXFileReference; explicitFileType = wrapper.cfbundle; includeInIndex = 0; path = SwiftyNewsUITests.xctest; sourceTree = BUILT_PRODUCTS_DIR; };
		FE8753EF29A684BD00992492 /* SwiftyNewsUITests.swift */ = {isa = PBXFileReference; lastKnownFileType = sourcecode.swift; path = SwiftyNewsUITests.swift; sourceTree = "<group>"; };
		FE8753F129A684BD00992492 /* SwiftyNewsUITestsLaunchTests.swift */ = {isa = PBXFileReference; lastKnownFileType = sourcecode.swift; path = SwiftyNewsUITestsLaunchTests.swift; sourceTree = "<group>"; };
		FE8F1BB329DE6C5500754D22 /* SearchViewController.swift */ = {isa = PBXFileReference; lastKnownFileType = sourcecode.swift; path = SearchViewController.swift; sourceTree = "<group>"; };
		FEAC7EFA29BD02E900C82ADA /* News.swift */ = {isa = PBXFileReference; lastKnownFileType = sourcecode.swift; path = News.swift; sourceTree = "<group>"; };
		FEF6F56929B7DD980037DE36 /* GoogleService-Info.plist */ = {isa = PBXFileReference; fileEncoding = 4; lastKnownFileType = text.plist.xml; path = "GoogleService-Info.plist"; sourceTree = "<group>"; };
		FEF6F56B29B7E5530037DE36 /* ProfileViewController.swift */ = {isa = PBXFileReference; lastKnownFileType = sourcecode.swift; path = ProfileViewController.swift; sourceTree = "<group>"; };
/* End PBXFileReference section */

/* Begin PBXFrameworksBuildPhase section */
		FE8753C829A684AA00992492 /* Frameworks */ = {
			isa = PBXFrameworksBuildPhase;
			buildActionMask = 2147483647;
			files = (
				FE8BCD51E34991FBD2EE6B15 /* Pods_SwiftyNews.framework in Frameworks */,
			);
			runOnlyForDeploymentPostprocessing = 0;
		};
		FE8753DE29A684BD00992492 /* Frameworks */ = {
			isa = PBXFrameworksBuildPhase;
			buildActionMask = 2147483647;
			files = (
				71CCB62C8B39CBD2711B3809 /* Pods_SwiftyNewsTests.framework in Frameworks */,
			);
			runOnlyForDeploymentPostprocessing = 0;
		};
		FE8753E829A684BD00992492 /* Frameworks */ = {
			isa = PBXFrameworksBuildPhase;
			buildActionMask = 2147483647;
			files = (
				514393802CB98C1EB82E9879 /* Pods_SwiftyNews_SwiftyNewsUITests.framework in Frameworks */,
			);
			runOnlyForDeploymentPostprocessing = 0;
		};
/* End PBXFrameworksBuildPhase section */

/* Begin PBXGroup section */
		34A56721972D3917C2B48FA4 /* Frameworks */ = {
			isa = PBXGroup;
			children = (
				ED8CB80A80B0C0A5580979EA /* Pods_SwiftyNews.framework */,
				D81885B885513BA8C0E3E630 /* Pods_SwiftyNews_SwiftyNewsUITests.framework */,
				ECB2FCC26520C57A13798FAD /* Pods_SwiftyNewsTests.framework */,
			);
			name = Frameworks;
			sourceTree = "<group>";
		};
		78174654F59864112AC624CD /* Pods */ = {
			isa = PBXGroup;
			children = (
				0BD9B7800AFB85698696F747 /* Pods-SwiftyNews.debug.xcconfig */,
				27F13B04A7C345EC69D09A70 /* Pods-SwiftyNews.release.xcconfig */,
				AB2FCE92D2248E4DF874B93D /* Pods-SwiftyNews-SwiftyNewsUITests.debug.xcconfig */,
				B8A475BD7BFC9EBF4631D7DE /* Pods-SwiftyNews-SwiftyNewsUITests.release.xcconfig */,
				EFD6B73218F14EB6996554F4 /* Pods-SwiftyNewsTests.debug.xcconfig */,
				B8F7D3DC202D5B667BDC1148 /* Pods-SwiftyNewsTests.release.xcconfig */,
			);
			path = Pods;
			sourceTree = "<group>";
		};
		FE8753C229A684AA00992492 = {
			isa = PBXGroup;
			children = (
				FE8753CD29A684AA00992492 /* SwiftyNews */,
				FE8753E429A684BD00992492 /* SwiftyNewsTests */,
				FE8753EE29A684BD00992492 /* SwiftyNewsUITests */,
				FE8753CC29A684AA00992492 /* Products */,
				78174654F59864112AC624CD /* Pods */,
				34A56721972D3917C2B48FA4 /* Frameworks */,
			);
			sourceTree = "<group>";
		};
		FE8753CC29A684AA00992492 /* Products */ = {
			isa = PBXGroup;
			children = (
				FE8753CB29A684AA00992492 /* SwiftyNews.app */,
				FE8753E129A684BD00992492 /* SwiftyNewsTests.xctest */,
				FE8753EB29A684BD00992492 /* SwiftyNewsUITests.xctest */,
			);
			name = Products;
			sourceTree = "<group>";
		};
		FE8753CD29A684AA00992492 /* SwiftyNews */ = {
			isa = PBXGroup;
			children = (
				FE8753CE29A684AA00992492 /* AppDelegate.swift */,
				FE8F1BB329DE6C5500754D22 /* SearchViewController.swift */,
				FE347C3629DBD613000AE5BB /* NewsViewController.swift */,
				FE8753D029A684AA00992492 /* SceneDelegate.swift */,
				FE8753D229A684AA00992492 /* HomeViewController.swift */,
				FEF6F56B29B7E5530037DE36 /* ProfileViewController.swift */,
				FE8753D429A684AA00992492 /* Main.storyboard */,
				FEAC7EFA29BD02E900C82ADA /* News.swift */,
				FE3014E029BBEE9F009A95A4 /* EditProfileViewController.swift */,
				FE5CD32229BD09CC002CC54F /* User.swift */,
				FE8753D729A684BC00992492 /* Assets.xcassets */,
				FE8753D929A684BC00992492 /* LaunchScreen.storyboard */,
				FEF6F56929B7DD980037DE36 /* GoogleService-Info.plist */,
				FE8753DC29A684BC00992492 /* Info.plist */,
			);
			path = SwiftyNews;
			sourceTree = "<group>";
		};
		FE8753E429A684BD00992492 /* SwiftyNewsTests */ = {
			isa = PBXGroup;
			children = (
				FE8753E529A684BD00992492 /* SwiftyNewsTests.swift */,
			);
			path = SwiftyNewsTests;
			sourceTree = "<group>";
		};
		FE8753EE29A684BD00992492 /* SwiftyNewsUITests */ = {
			isa = PBXGroup;
			children = (
				FE8753EF29A684BD00992492 /* SwiftyNewsUITests.swift */,
				FE8753F129A684BD00992492 /* SwiftyNewsUITestsLaunchTests.swift */,
			);
			path = SwiftyNewsUITests;
			sourceTree = "<group>";
		};
/* End PBXGroup section */

/* Begin PBXNativeTarget section */
		FE8753CA29A684AA00992492 /* SwiftyNews */ = {
			isa = PBXNativeTarget;
			buildConfigurationList = FE8753F529A684BD00992492 /* Build configuration list for PBXNativeTarget "SwiftyNews" */;
			buildPhases = (
				F75F09003162E8FB4376E26B /* [CP] Check Pods Manifest.lock */,
				FE8753C729A684AA00992492 /* Sources */,
				FE8753C829A684AA00992492 /* Frameworks */,
				FE8753C929A684AA00992492 /* Resources */,
				6D63E3846DADDFCECA143143 /* [CP] Embed Pods Frameworks */,
			);
			buildRules = (
			);
			dependencies = (
			);
			name = SwiftyNews;
			productName = SwiftyNews;
			productReference = FE8753CB29A684AA00992492 /* SwiftyNews.app */;
			productType = "com.apple.product-type.application";
		};
		FE8753E029A684BD00992492 /* SwiftyNewsTests */ = {
			isa = PBXNativeTarget;
			buildConfigurationList = FE8753F829A684BD00992492 /* Build configuration list for PBXNativeTarget "SwiftyNewsTests" */;
			buildPhases = (
				FA651797F5F94C7957916CBE /* [CP] Check Pods Manifest.lock */,
				FE8753DD29A684BD00992492 /* Sources */,
				FE8753DE29A684BD00992492 /* Frameworks */,
				FE8753DF29A684BD00992492 /* Resources */,
			);
			buildRules = (
			);
			dependencies = (
				FE8753E329A684BD00992492 /* PBXTargetDependency */,
			);
			name = SwiftyNewsTests;
			productName = SwiftyNewsTests;
			productReference = FE8753E129A684BD00992492 /* SwiftyNewsTests.xctest */;
			productType = "com.apple.product-type.bundle.unit-test";
		};
		FE8753EA29A684BD00992492 /* SwiftyNewsUITests */ = {
			isa = PBXNativeTarget;
			buildConfigurationList = FE8753FB29A684BD00992492 /* Build configuration list for PBXNativeTarget "SwiftyNewsUITests" */;
			buildPhases = (
				EB774A85792E4094BA0A06C9 /* [CP] Check Pods Manifest.lock */,
				FE8753E729A684BD00992492 /* Sources */,
				FE8753E829A684BD00992492 /* Frameworks */,
				FE8753E929A684BD00992492 /* Resources */,
				03E01CB4A8F9567FB1BC6922 /* [CP] Embed Pods Frameworks */,
			);
			buildRules = (
			);
			dependencies = (
				FE8753ED29A684BD00992492 /* PBXTargetDependency */,
			);
			name = SwiftyNewsUITests;
			productName = SwiftyNewsUITests;
			productReference = FE8753EB29A684BD00992492 /* SwiftyNewsUITests.xctest */;
			productType = "com.apple.product-type.bundle.ui-testing";
		};
/* End PBXNativeTarget section */

/* Begin PBXProject section */
		FE8753C329A684AA00992492 /* Project object */ = {
			isa = PBXProject;
			attributes = {
				BuildIndependentTargetsInParallel = 1;
				LastSwiftUpdateCheck = 1340;
				LastUpgradeCheck = 1340;
				TargetAttributes = {
					FE8753CA29A684AA00992492 = {
						CreatedOnToolsVersion = 13.4.1;
					};
					FE8753E029A684BD00992492 = {
						CreatedOnToolsVersion = 13.4.1;
						TestTargetID = FE8753CA29A684AA00992492;
					};
					FE8753EA29A684BD00992492 = {
						CreatedOnToolsVersion = 13.4.1;
						TestTargetID = FE8753CA29A684AA00992492;
					};
				};
			};
			buildConfigurationList = FE8753C629A684AA00992492 /* Build configuration list for PBXProject "SwiftyNews" */;
			compatibilityVersion = "Xcode 13.0";
			developmentRegion = en;
			hasScannedForEncodings = 0;
			knownRegions = (
				en,
				Base,
			);
			mainGroup = FE8753C229A684AA00992492;
			packageReferences = (
				FEF6F56829B7DCD30037DE36 /* XCRemoteSwiftPackageReference "firebase-ios-sdk" */,
			);
			productRefGroup = FE8753CC29A684AA00992492 /* Products */;
			projectDirPath = "";
			projectRoot = "";
			targets = (
				FE8753CA29A684AA00992492 /* SwiftyNews */,
				FE8753E029A684BD00992492 /* SwiftyNewsTests */,
				FE8753EA29A684BD00992492 /* SwiftyNewsUITests */,
			);
		};
/* End PBXProject section */

/* Begin PBXResourcesBuildPhase section */
		FE8753C929A684AA00992492 /* Resources */ = {
			isa = PBXResourcesBuildPhase;
			buildActionMask = 2147483647;
			files = (
				FE8753DB29A684BC00992492 /* LaunchScreen.storyboard in Resources */,
				FEF6F56A29B7DD980037DE36 /* GoogleService-Info.plist in Resources */,
				FE8753D829A684BC00992492 /* Assets.xcassets in Resources */,
				FE8753D629A684AA00992492 /* Main.storyboard in Resources */,
			);
			runOnlyForDeploymentPostprocessing = 0;
		};
		FE8753DF29A684BD00992492 /* Resources */ = {
			isa = PBXResourcesBuildPhase;
			buildActionMask = 2147483647;
			files = (
			);
			runOnlyForDeploymentPostprocessing = 0;
		};
		FE8753E929A684BD00992492 /* Resources */ = {
			isa = PBXResourcesBuildPhase;
			buildActionMask = 2147483647;
			files = (
			);
			runOnlyForDeploymentPostprocessing = 0;
		};
/* End PBXResourcesBuildPhase section */

/* Begin PBXShellScriptBuildPhase section */
		03E01CB4A8F9567FB1BC6922 /* [CP] Embed Pods Frameworks */ = {
			isa = PBXShellScriptBuildPhase;
			buildActionMask = 2147483647;
			files = (
			);
			inputFileListPaths = (
				"${PODS_ROOT}/Target Support Files/Pods-SwiftyNews-SwiftyNewsUITests/Pods-SwiftyNews-SwiftyNewsUITests-frameworks-${CONFIGURATION}-input-files.xcfilelist",
			);
			name = "[CP] Embed Pods Frameworks";
			outputFileListPaths = (
				"${PODS_ROOT}/Target Support Files/Pods-SwiftyNews-SwiftyNewsUITests/Pods-SwiftyNews-SwiftyNewsUITests-frameworks-${CONFIGURATION}-output-files.xcfilelist",
			);
			runOnlyForDeploymentPostprocessing = 0;
			shellPath = /bin/sh;
			shellScript = "\"${PODS_ROOT}/Target Support Files/Pods-SwiftyNews-SwiftyNewsUITests/Pods-SwiftyNews-SwiftyNewsUITests-frameworks.sh\"\n";
			showEnvVarsInLog = 0;
		};
		6D63E3846DADDFCECA143143 /* [CP] Embed Pods Frameworks */ = {
			isa = PBXShellScriptBuildPhase;
			buildActionMask = 2147483647;
			files = (
			);
			inputFileListPaths = (
				"${PODS_ROOT}/Target Support Files/Pods-SwiftyNews/Pods-SwiftyNews-frameworks-${CONFIGURATION}-input-files.xcfilelist",
			);
			name = "[CP] Embed Pods Frameworks";
			outputFileListPaths = (
				"${PODS_ROOT}/Target Support Files/Pods-SwiftyNews/Pods-SwiftyNews-frameworks-${CONFIGURATION}-output-files.xcfilelist",
			);
			runOnlyForDeploymentPostprocessing = 0;
			shellPath = /bin/sh;
			shellScript = "\"${PODS_ROOT}/Target Support Files/Pods-SwiftyNews/Pods-SwiftyNews-frameworks.sh\"\n";
			showEnvVarsInLog = 0;
		};
		EB774A85792E4094BA0A06C9 /* [CP] Check Pods Manifest.lock */ = {
			isa = PBXShellScriptBuildPhase;
			buildActionMask = 2147483647;
			files = (
			);
			inputFileListPaths = (
			);
			inputPaths = (
				"${PODS_PODFILE_DIR_PATH}/Podfile.lock",
				"${PODS_ROOT}/Manifest.lock",
			);
			name = "[CP] Check Pods Manifest.lock";
			outputFileListPaths = (
			);
			outputPaths = (
				"$(DERIVED_FILE_DIR)/Pods-SwiftyNews-SwiftyNewsUITests-checkManifestLockResult.txt",
			);
			runOnlyForDeploymentPostprocessing = 0;
			shellPath = /bin/sh;
			shellScript = "diff \"${PODS_PODFILE_DIR_PATH}/Podfile.lock\" \"${PODS_ROOT}/Manifest.lock\" > /dev/null\nif [ $? != 0 ] ; then\n    # print error to STDERR\n    echo \"error: The sandbox is not in sync with the Podfile.lock. Run 'pod install' or update your CocoaPods installation.\" >&2\n    exit 1\nfi\n# This output is used by Xcode 'outputs' to avoid re-running this script phase.\necho \"SUCCESS\" > \"${SCRIPT_OUTPUT_FILE_0}\"\n";
			showEnvVarsInLog = 0;
		};
		F75F09003162E8FB4376E26B /* [CP] Check Pods Manifest.lock */ = {
			isa = PBXShellScriptBuildPhase;
			buildActionMask = 2147483647;
			files = (
			);
			inputFileListPaths = (
			);
			inputPaths = (
				"${PODS_PODFILE_DIR_PATH}/Podfile.lock",
				"${PODS_ROOT}/Manifest.lock",
			);
			name = "[CP] Check Pods Manifest.lock";
			outputFileListPaths = (
			);
			outputPaths = (
				"$(DERIVED_FILE_DIR)/Pods-SwiftyNews-checkManifestLockResult.txt",
			);
			runOnlyForDeploymentPostprocessing = 0;
			shellPath = /bin/sh;
			shellScript = "diff \"${PODS_PODFILE_DIR_PATH}/Podfile.lock\" \"${PODS_ROOT}/Manifest.lock\" > /dev/null\nif [ $? != 0 ] ; then\n    # print error to STDERR\n    echo \"error: The sandbox is not in sync with the Podfile.lock. Run 'pod install' or update your CocoaPods installation.\" >&2\n    exit 1\nfi\n# This output is used by Xcode 'outputs' to avoid re-running this script phase.\necho \"SUCCESS\" > \"${SCRIPT_OUTPUT_FILE_0}\"\n";
			showEnvVarsInLog = 0;
		};
		FA651797F5F94C7957916CBE /* [CP] Check Pods Manifest.lock */ = {
			isa = PBXShellScriptBuildPhase;
			buildActionMask = 2147483647;
			files = (
			);
			inputFileListPaths = (
			);
			inputPaths = (
				"${PODS_PODFILE_DIR_PATH}/Podfile.lock",
				"${PODS_ROOT}/Manifest.lock",
			);
			name = "[CP] Check Pods Manifest.lock";
			outputFileListPaths = (
			);
			outputPaths = (
				"$(DERIVED_FILE_DIR)/Pods-SwiftyNewsTests-checkManifestLockResult.txt",
			);
			runOnlyForDeploymentPostprocessing = 0;
			shellPath = /bin/sh;
			shellScript = "diff \"${PODS_PODFILE_DIR_PATH}/Podfile.lock\" \"${PODS_ROOT}/Manifest.lock\" > /dev/null\nif [ $? != 0 ] ; then\n    # print error to STDERR\n    echo \"error: The sandbox is not in sync with the Podfile.lock. Run 'pod install' or update your CocoaPods installation.\" >&2\n    exit 1\nfi\n# This output is used by Xcode 'outputs' to avoid re-running this script phase.\necho \"SUCCESS\" > \"${SCRIPT_OUTPUT_FILE_0}\"\n";
			showEnvVarsInLog = 0;
		};
/* End PBXShellScriptBuildPhase section */

/* Begin PBXSourcesBuildPhase section */
		FE8753C729A684AA00992492 /* Sources */ = {
			isa = PBXSourcesBuildPhase;
			buildActionMask = 2147483647;
			files = (
				FEAC7EFB29BD02E900C82ADA /* News.swift in Sources */,
				FEF6F56C29B7E5530037DE36 /* ProfileViewController.swift in Sources */,
				FE8753D329A684AA00992492 /* HomeViewController.swift in Sources */,
				FE8F1BB429DE6C5500754D22 /* SearchViewController.swift in Sources */,
				FE8753CF29A684AA00992492 /* AppDelegate.swift in Sources */,
				FE3014E129BBEE9F009A95A4 /* EditProfileViewController.swift in Sources */,
				FE8753D129A684AA00992492 /* SceneDelegate.swift in Sources */,
				FE5CD32329BD09CC002CC54F /* User.swift in Sources */,
				FE347C3729DBD613000AE5BB /* NewsViewController.swift in Sources */,
			);
			runOnlyForDeploymentPostprocessing = 0;
		};
		FE8753DD29A684BD00992492 /* Sources */ = {
			isa = PBXSourcesBuildPhase;
			buildActionMask = 2147483647;
			files = (
				FE8753E629A684BD00992492 /* SwiftyNewsTests.swift in Sources */,
			);
			runOnlyForDeploymentPostprocessing = 0;
		};
		FE8753E729A684BD00992492 /* Sources */ = {
			isa = PBXSourcesBuildPhase;
			buildActionMask = 2147483647;
			files = (
				FE8753F029A684BD00992492 /* SwiftyNewsUITests.swift in Sources */,
				FE8753F229A684BD00992492 /* SwiftyNewsUITestsLaunchTests.swift in Sources */,
			);
			runOnlyForDeploymentPostprocessing = 0;
		};
/* End PBXSourcesBuildPhase section */

/* Begin PBXTargetDependency section */
		FE8753E329A684BD00992492 /* PBXTargetDependency */ = {
			isa = PBXTargetDependency;
			target = FE8753CA29A684AA00992492 /* SwiftyNews */;
			targetProxy = FE8753E229A684BD00992492 /* PBXContainerItemProxy */;
		};
		FE8753ED29A684BD00992492 /* PBXTargetDependency */ = {
			isa = PBXTargetDependency;
			target = FE8753CA29A684AA00992492 /* SwiftyNews */;
			targetProxy = FE8753EC29A684BD00992492 /* PBXContainerItemProxy */;
		};
/* End PBXTargetDependency section */

/* Begin PBXVariantGroup section */
		FE8753D429A684AA00992492 /* Main.storyboard */ = {
			isa = PBXVariantGroup;
			children = (
				FE8753D529A684AA00992492 /* Base */,
			);
			name = Main.storyboard;
			sourceTree = "<group>";
		};
		FE8753D929A684BC00992492 /* LaunchScreen.storyboard */ = {
			isa = PBXVariantGroup;
			children = (
				FE8753DA29A684BC00992492 /* Base */,
			);
			name = LaunchScreen.storyboard;
			sourceTree = "<group>";
		};
/* End PBXVariantGroup section */

/* Begin XCBuildConfiguration section */
		FE8753F329A684BD00992492 /* Debug */ = {
			isa = XCBuildConfiguration;
			buildSettings = {
				ALWAYS_SEARCH_USER_PATHS = NO;
				CLANG_ANALYZER_NONNULL = YES;
				CLANG_ANALYZER_NUMBER_OBJECT_CONVERSION = YES_AGGRESSIVE;
				CLANG_CXX_LANGUAGE_STANDARD = "gnu++17";
				CLANG_ENABLE_MODULES = YES;
				CLANG_ENABLE_OBJC_ARC = YES;
				CLANG_ENABLE_OBJC_WEAK = YES;
				CLANG_WARN_BLOCK_CAPTURE_AUTORELEASING = YES;
				CLANG_WARN_BOOL_CONVERSION = YES;
				CLANG_WARN_COMMA = YES;
				CLANG_WARN_CONSTANT_CONVERSION = YES;
				CLANG_WARN_DEPRECATED_OBJC_IMPLEMENTATIONS = YES;
				CLANG_WARN_DIRECT_OBJC_ISA_USAGE = YES_ERROR;
				CLANG_WARN_DOCUMENTATION_COMMENTS = YES;
				CLANG_WARN_EMPTY_BODY = YES;
				CLANG_WARN_ENUM_CONVERSION = YES;
				CLANG_WARN_INFINITE_RECURSION = YES;
				CLANG_WARN_INT_CONVERSION = YES;
				CLANG_WARN_NON_LITERAL_NULL_CONVERSION = YES;
				CLANG_WARN_OBJC_IMPLICIT_RETAIN_SELF = YES;
				CLANG_WARN_OBJC_LITERAL_CONVERSION = YES;
				CLANG_WARN_OBJC_ROOT_CLASS = YES_ERROR;
				CLANG_WARN_QUOTED_INCLUDE_IN_FRAMEWORK_HEADER = YES;
				CLANG_WARN_RANGE_LOOP_ANALYSIS = YES;
				CLANG_WARN_STRICT_PROTOTYPES = YES;
				CLANG_WARN_SUSPICIOUS_MOVE = YES;
				CLANG_WARN_UNGUARDED_AVAILABILITY = YES_AGGRESSIVE;
				CLANG_WARN_UNREACHABLE_CODE = YES;
				CLANG_WARN__DUPLICATE_METHOD_MATCH = YES;
				COPY_PHASE_STRIP = NO;
				DEBUG_INFORMATION_FORMAT = dwarf;
				ENABLE_STRICT_OBJC_MSGSEND = YES;
				ENABLE_TESTABILITY = YES;
				GCC_C_LANGUAGE_STANDARD = gnu11;
				GCC_DYNAMIC_NO_PIC = NO;
				GCC_NO_COMMON_BLOCKS = YES;
				GCC_OPTIMIZATION_LEVEL = 0;
				GCC_PREPROCESSOR_DEFINITIONS = (
					"DEBUG=1",
					"$(inherited)",
				);
				GCC_WARN_64_TO_32_BIT_CONVERSION = YES;
				GCC_WARN_ABOUT_RETURN_TYPE = YES_ERROR;
				GCC_WARN_UNDECLARED_SELECTOR = YES;
				GCC_WARN_UNINITIALIZED_AUTOS = YES_AGGRESSIVE;
				GCC_WARN_UNUSED_FUNCTION = YES;
				GCC_WARN_UNUSED_VARIABLE = YES;
				IPHONEOS_DEPLOYMENT_TARGET = 15.5;
				MTL_ENABLE_DEBUG_INFO = INCLUDE_SOURCE;
				MTL_FAST_MATH = YES;
				ONLY_ACTIVE_ARCH = YES;
				SDKROOT = iphoneos;
				SWIFT_ACTIVE_COMPILATION_CONDITIONS = DEBUG;
				SWIFT_OPTIMIZATION_LEVEL = "-Onone";
			};
			name = Debug;
		};
		FE8753F429A684BD00992492 /* Release */ = {
			isa = XCBuildConfiguration;
			buildSettings = {
				ALWAYS_SEARCH_USER_PATHS = NO;
				CLANG_ANALYZER_NONNULL = YES;
				CLANG_ANALYZER_NUMBER_OBJECT_CONVERSION = YES_AGGRESSIVE;
				CLANG_CXX_LANGUAGE_STANDARD = "gnu++17";
				CLANG_ENABLE_MODULES = YES;
				CLANG_ENABLE_OBJC_ARC = YES;
				CLANG_ENABLE_OBJC_WEAK = YES;
				CLANG_WARN_BLOCK_CAPTURE_AUTORELEASING = YES;
				CLANG_WARN_BOOL_CONVERSION = YES;
				CLANG_WARN_COMMA = YES;
				CLANG_WARN_CONSTANT_CONVERSION = YES;
				CLANG_WARN_DEPRECATED_OBJC_IMPLEMENTATIONS = YES;
				CLANG_WARN_DIRECT_OBJC_ISA_USAGE = YES_ERROR;
				CLANG_WARN_DOCUMENTATION_COMMENTS = YES;
				CLANG_WARN_EMPTY_BODY = YES;
				CLANG_WARN_ENUM_CONVERSION = YES;
				CLANG_WARN_INFINITE_RECURSION = YES;
				CLANG_WARN_INT_CONVERSION = YES;
				CLANG_WARN_NON_LITERAL_NULL_CONVERSION = YES;
				CLANG_WARN_OBJC_IMPLICIT_RETAIN_SELF = YES;
				CLANG_WARN_OBJC_LITERAL_CONVERSION = YES;
				CLANG_WARN_OBJC_ROOT_CLASS = YES_ERROR;
				CLANG_WARN_QUOTED_INCLUDE_IN_FRAMEWORK_HEADER = YES;
				CLANG_WARN_RANGE_LOOP_ANALYSIS = YES;
				CLANG_WARN_STRICT_PROTOTYPES = YES;
				CLANG_WARN_SUSPICIOUS_MOVE = YES;
				CLANG_WARN_UNGUARDED_AVAILABILITY = YES_AGGRESSIVE;
				CLANG_WARN_UNREACHABLE_CODE = YES;
				CLANG_WARN__DUPLICATE_METHOD_MATCH = YES;
				COPY_PHASE_STRIP = NO;
				DEBUG_INFORMATION_FORMAT = "dwarf-with-dsym";
				ENABLE_NS_ASSERTIONS = NO;
				ENABLE_STRICT_OBJC_MSGSEND = YES;
				GCC_C_LANGUAGE_STANDARD = gnu11;
				GCC_NO_COMMON_BLOCKS = YES;
				GCC_WARN_64_TO_32_BIT_CONVERSION = YES;
				GCC_WARN_ABOUT_RETURN_TYPE = YES_ERROR;
				GCC_WARN_UNDECLARED_SELECTOR = YES;
				GCC_WARN_UNINITIALIZED_AUTOS = YES_AGGRESSIVE;
				GCC_WARN_UNUSED_FUNCTION = YES;
				GCC_WARN_UNUSED_VARIABLE = YES;
				IPHONEOS_DEPLOYMENT_TARGET = 15.5;
				MTL_ENABLE_DEBUG_INFO = NO;
				MTL_FAST_MATH = YES;
				SDKROOT = iphoneos;
				SWIFT_COMPILATION_MODE = wholemodule;
				SWIFT_OPTIMIZATION_LEVEL = "-O";
				VALIDATE_PRODUCT = YES;
			};
			name = Release;
		};
		FE8753F629A684BD00992492 /* Debug */ = {
			isa = XCBuildConfiguration;
			baseConfigurationReference = 0BD9B7800AFB85698696F747 /* Pods-SwiftyNews.debug.xcconfig */;
			buildSettings = {
				ASSETCATALOG_COMPILER_APPICON_NAME = AppIcon;
				ASSETCATALOG_COMPILER_GLOBAL_ACCENT_COLOR_NAME = AccentColor;
				CODE_SIGN_STYLE = Automatic;
				CURRENT_PROJECT_VERSION = 1;
				DEVELOPMENT_TEAM = YNL2688QCG;
				GENERATE_INFOPLIST_FILE = YES;
				INFOPLIST_FILE = SwiftyNews/Info.plist;
				INFOPLIST_KEY_UIApplicationSupportsIndirectInputEvents = YES;
				INFOPLIST_KEY_UILaunchStoryboardName = LaunchScreen;
				INFOPLIST_KEY_UIMainStoryboardFile = Main;
				INFOPLIST_KEY_UISupportedInterfaceOrientations_iPad = "UIInterfaceOrientationPortrait UIInterfaceOrientationPortraitUpsideDown UIInterfaceOrientationLandscapeLeft UIInterfaceOrientationLandscapeRight";
				INFOPLIST_KEY_UISupportedInterfaceOrientations_iPhone = "UIInterfaceOrientationPortrait UIInterfaceOrientationLandscapeLeft UIInterfaceOrientationLandscapeRight";
				LD_RUNPATH_SEARCH_PATHS = (
					"$(inherited)",
					"@executable_path/Frameworks",
				);
				MARKETING_VERSION = 1.0;
				PRODUCT_BUNDLE_IDENTIFIER = cse5236.SwiftyNews;
				PRODUCT_NAME = "$(TARGET_NAME)";
				SWIFT_EMIT_LOC_STRINGS = YES;
				SWIFT_VERSION = 5.0;
				TARGETED_DEVICE_FAMILY = "1,2";
			};
			name = Debug;
		};
		FE8753F729A684BD00992492 /* Release */ = {
			isa = XCBuildConfiguration;
			baseConfigurationReference = 27F13B04A7C345EC69D09A70 /* Pods-SwiftyNews.release.xcconfig */;
			buildSettings = {
				ASSETCATALOG_COMPILER_APPICON_NAME = AppIcon;
				ASSETCATALOG_COMPILER_GLOBAL_ACCENT_COLOR_NAME = AccentColor;
				CODE_SIGN_STYLE = Automatic;
				CURRENT_PROJECT_VERSION = 1;
				DEVELOPMENT_TEAM = YNL2688QCG;
				GENERATE_INFOPLIST_FILE = YES;
				INFOPLIST_FILE = SwiftyNews/Info.plist;
				INFOPLIST_KEY_UIApplicationSupportsIndirectInputEvents = YES;
				INFOPLIST_KEY_UILaunchStoryboardName = LaunchScreen;
				INFOPLIST_KEY_UIMainStoryboardFile = Main;
				INFOPLIST_KEY_UISupportedInterfaceOrientations_iPad = "UIInterfaceOrientationPortrait UIInterfaceOrientationPortraitUpsideDown UIInterfaceOrientationLandscapeLeft UIInterfaceOrientationLandscapeRight";
				INFOPLIST_KEY_UISupportedInterfaceOrientations_iPhone = "UIInterfaceOrientationPortrait UIInterfaceOrientationLandscapeLeft UIInterfaceOrientationLandscapeRight";
				LD_RUNPATH_SEARCH_PATHS = (
					"$(inherited)",
					"@executable_path/Frameworks",
				);
				MARKETING_VERSION = 1.0;
				PRODUCT_BUNDLE_IDENTIFIER = cse5236.SwiftyNews;
				PRODUCT_NAME = "$(TARGET_NAME)";
				SWIFT_EMIT_LOC_STRINGS = YES;
				SWIFT_VERSION = 5.0;
				TARGETED_DEVICE_FAMILY = "1,2";
			};
			name = Release;
		};
		FE8753F929A684BD00992492 /* Debug */ = {
			isa = XCBuildConfiguration;
			baseConfigurationReference = EFD6B73218F14EB6996554F4 /* Pods-SwiftyNewsTests.debug.xcconfig */;
			buildSettings = {
				ALWAYS_EMBED_SWIFT_STANDARD_LIBRARIES = YES;
				BUNDLE_LOADER = "$(TEST_HOST)";
				CODE_SIGN_STYLE = Automatic;
				CURRENT_PROJECT_VERSION = 1;
				DEVELOPMENT_TEAM = YNL2688QCG;
				GENERATE_INFOPLIST_FILE = YES;
				IPHONEOS_DEPLOYMENT_TARGET = 15.5;
				MARKETING_VERSION = 1.0;
				PRODUCT_BUNDLE_IDENTIFIER = cse5236.SwiftyNewsTests;
				PRODUCT_NAME = "$(TARGET_NAME)";
				SWIFT_EMIT_LOC_STRINGS = NO;
				SWIFT_VERSION = 5.0;
				TARGETED_DEVICE_FAMILY = "1,2";
				TEST_HOST = "$(BUILT_PRODUCTS_DIR)/SwiftyNews.app/SwiftyNews";
			};
			name = Debug;
		};
		FE8753FA29A684BD00992492 /* Release */ = {
			isa = XCBuildConfiguration;
			baseConfigurationReference = B8F7D3DC202D5B667BDC1148 /* Pods-SwiftyNewsTests.release.xcconfig */;
			buildSettings = {
				ALWAYS_EMBED_SWIFT_STANDARD_LIBRARIES = YES;
				BUNDLE_LOADER = "$(TEST_HOST)";
				CODE_SIGN_STYLE = Automatic;
				CURRENT_PROJECT_VERSION = 1;
				DEVELOPMENT_TEAM = YNL2688QCG;
				GENERATE_INFOPLIST_FILE = YES;
				IPHONEOS_DEPLOYMENT_TARGET = 15.5;
				MARKETING_VERSION = 1.0;
				PRODUCT_BUNDLE_IDENTIFIER = cse5236.SwiftyNewsTests;
				PRODUCT_NAME = "$(TARGET_NAME)";
				SWIFT_EMIT_LOC_STRINGS = NO;
				SWIFT_VERSION = 5.0;
				TARGETED_DEVICE_FAMILY = "1,2";
				TEST_HOST = "$(BUILT_PRODUCTS_DIR)/SwiftyNews.app/SwiftyNews";
			};
			name = Release;
		};
		FE8753FC29A684BD00992492 /* Debug */ = {
			isa = XCBuildConfiguration;
			baseConfigurationReference = AB2FCE92D2248E4DF874B93D /* Pods-SwiftyNews-SwiftyNewsUITests.debug.xcconfig */;
			buildSettings = {
				ALWAYS_EMBED_SWIFT_STANDARD_LIBRARIES = YES;
				CODE_SIGN_STYLE = Automatic;
				CURRENT_PROJECT_VERSION = 1;
				DEVELOPMENT_TEAM = YNL2688QCG;
				GENERATE_INFOPLIST_FILE = YES;
				MARKETING_VERSION = 1.0;
				PRODUCT_BUNDLE_IDENTIFIER = cse5236.SwiftyNewsUITests;
				PRODUCT_NAME = "$(TARGET_NAME)";
				SWIFT_EMIT_LOC_STRINGS = NO;
				SWIFT_VERSION = 5.0;
				TARGETED_DEVICE_FAMILY = "1,2";
				TEST_TARGET_NAME = SwiftyNews;
			};
			name = Debug;
		};
		FE8753FD29A684BD00992492 /* Release */ = {
			isa = XCBuildConfiguration;
			baseConfigurationReference = B8A475BD7BFC9EBF4631D7DE /* Pods-SwiftyNews-SwiftyNewsUITests.release.xcconfig */;
			buildSettings = {
				ALWAYS_EMBED_SWIFT_STANDARD_LIBRARIES = YES;
				CODE_SIGN_STYLE = Automatic;
				CURRENT_PROJECT_VERSION = 1;
				DEVELOPMENT_TEAM = YNL2688QCG;
				GENERATE_INFOPLIST_FILE = YES;
				MARKETING_VERSION = 1.0;
				PRODUCT_BUNDLE_IDENTIFIER = cse5236.SwiftyNewsUITests;
				PRODUCT_NAME = "$(TARGET_NAME)";
				SWIFT_EMIT_LOC_STRINGS = NO;
				SWIFT_VERSION = 5.0;
				TARGETED_DEVICE_FAMILY = "1,2";
				TEST_TARGET_NAME = SwiftyNews;
			};
			name = Release;
		};
/* End XCBuildConfiguration section */

/* Begin XCConfigurationList section */
		FE8753C629A684AA00992492 /* Build configuration list for PBXProject "SwiftyNews" */ = {
			isa = XCConfigurationList;
			buildConfigurations = (
				FE8753F329A684BD00992492 /* Debug */,
				FE8753F429A684BD00992492 /* Release */,
			);
			defaultConfigurationIsVisible = 0;
			defaultConfigurationName = Release;
		};
		FE8753F529A684BD00992492 /* Build configuration list for PBXNativeTarget "SwiftyNews" */ = {
			isa = XCConfigurationList;
			buildConfigurations = (
				FE8753F629A684BD00992492 /* Debug */,
				FE8753F729A684BD00992492 /* Release */,
			);
			defaultConfigurationIsVisible = 0;
			defaultConfigurationName = Release;
		};
		FE8753F829A684BD00992492 /* Build configuration list for PBXNativeTarget "SwiftyNewsTests" */ = {
			isa = XCConfigurationList;
			buildConfigurations = (
				FE8753F929A684BD00992492 /* Debug */,
				FE8753FA29A684BD00992492 /* Release */,
			);
			defaultConfigurationIsVisible = 0;
			defaultConfigurationName = Release;
		};
		FE8753FB29A684BD00992492 /* Build configuration list for PBXNativeTarget "SwiftyNewsUITests" */ = {
			isa = XCConfigurationList;
			buildConfigurations = (
				FE8753FC29A684BD00992492 /* Debug */,
				FE8753FD29A684BD00992492 /* Release */,
			);
			defaultConfigurationIsVisible = 0;
			defaultConfigurationName = Release;
		};
/* End XCConfigurationList section */

/* Begin XCRemoteSwiftPackageReference section */
		FEF6F56829B7DCD30037DE36 /* XCRemoteSwiftPackageReference "firebase-ios-sdk" */ = {
			isa = XCRemoteSwiftPackageReference;
			repositoryURL = "https://github.com/firebase/firebase-ios-sdk";
			requirement = {
				branch = master;
				kind = branch;
			};
		};
/* End XCRemoteSwiftPackageReference section */
	};
	rootObject = FE8753C329A684AA00992492 /* Project object */;
}
